# THIS IS AN AUTOGENERATED FILE. DO NOT EDIT THIS FILE DIRECTLY.
# yarn lockfile v1


"@smartlyio/safe-navigation@^4.0.1":
  version "4.0.1"
  resolved "https://registry.yarnpkg.com/@smartlyio/safe-navigation/-/safe-navigation-4.0.1.tgz#f6666e9b040275c30cbf80bf50f9d2ecddc85660"
  integrity sha512-k0iC1PIFZgkGpxnGV0qm+swtpSZv5fkrkJe9BYFzmQ4f/skBcDbq5XFA25ZMXphz5FD5p2yE1rSM8IKwGZafPQ==
  dependencies:
    lodash "^4.17.4"

"@types/jest-diff@*":
  version "20.0.1"
  resolved "https://registry.yarnpkg.com/@types/jest-diff/-/jest-diff-20.0.1.tgz#35cc15b9c4f30a18ef21852e255fdb02f6d59b89"
  integrity sha512-yALhelO3i0hqZwhjtcr6dYyaLoCHbAMshwtj6cGxTvHZAKXHsYGdff6E8EPw3xLKY0ELUTQ69Q1rQiJENnccMA==

"@types/jest@24.0.18":
  version "24.0.18"
  resolved "https://registry.yarnpkg.com/@types/jest/-/jest-24.0.18.tgz#9c7858d450c59e2164a8a9df0905fc5091944498"
  integrity sha512-jcDDXdjTcrQzdN06+TSVsPPqxvsZA/5QkYfIZlq1JMw7FdP5AZylbOc+6B/cuDurctRe+MziUMtQ3xQdrbjqyQ==
  dependencies:
    "@types/jest-diff" "*"

"@types/lodash@4.14.141":
  version "4.14.141"
  resolved "https://registry.yarnpkg.com/@types/lodash/-/lodash-4.14.141.tgz#d81f4d0c562abe28713406b571ffb27692a82ae6"
  integrity sha512-v5NYIi9qEbFEUpCyikmnOYe4YlP8BMUdTcNCAquAKzu+FA7rZ1onj9x80mbnDdOW/K5bFf3Tv5kJplP33+gAbQ==

"@types/node@11.13.21":
  version "11.13.21"
  resolved "https://registry.yarnpkg.com/@types/node/-/node-11.13.21.tgz#afcf913437eeb1f9e1994a62a03b1762ee4600d3"
  integrity sha512-fLwcSjMmDnjfk4FP7/QDiNzXSCEOGNvEe9eA6vaITmC784+Gm70wF7woaFQxUb2CpMjgLBhSPyhH0oIe1JS2uw==

lodash@^4.17.4:
  version "4.17.15"
  resolved "https://registry.yarnpkg.com/lodash/-/lodash-4.17.15.tgz#b447f6670a0455bbfeedd11392eff330ea097548"
  integrity sha512-8xOcRHvCjnocdS5cpwXQXVzmmh5e5+saE2QGoeQmbKmRS6J3VQppPOIt0MnmE+4xlZoumy0GPG0D0MVIQbNA1A==

typescript@3.6.3:
  version "3.6.3"
  resolved "https://registry.yarnpkg.com/typescript/-/typescript-3.6.3.tgz#fea942fabb20f7e1ca7164ff626f1a9f3f70b4da"
  integrity sha512-N7bceJL1CtRQ2RiG0AQME13ksR7DiuQh/QehubYcghzv20tnh+MQnQIuJddTmsbqYj+dztchykemz0zFzlvdQw==
